
Microsoft Visual Studio Solution File, Format Version 12.00
# Visual Studio 2013
VisualStudioVersion = 12.0.40629.0
MinimumVisualStudioVersion = 10.0.40219.1
Project("{FAE04EC0-301F-11D3-BF4B-00C04F79EFBC}") = "Presentation", "Presentation\Presentation.csproj", "{75667150-86A0-471B-93FA-41FEAEBB94B0}"
	ProjectSection(ProjectDependencies) = postProject
		{C87C3DA3-0D83-4F1C-8EA7-FC8C9C6591D4} = {C87C3DA3-0D83-4F1C-8EA7-FC8C9C6591D4}
	EndProjectSection
EndProject
Project("{FAE04EC0-301F-11D3-BF4B-00C04F79EFBC}") = "Data", "Data\Data.csproj", "{C87C3DA3-0D83-4F1C-8EA7-FC8C9C6591D4}"
EndProject
Project("{FAE04EC0-301F-11D3-BF4B-00C04F79EFBC}") = "Business", "Business\Business.csproj", "{7DBD16FD-5110-466D-8147-7EFA92AA18F7}"
EndProject
Global
	GlobalSection(SolutionConfigurationPlatforms) = preSolution
		Debug|Any CPU = Debug|Any CPU
		Release|Any CPU = Release|Any CPU
	EndGlobalSection
	GlobalSection(ProjectConfigurationPlatforms) = postSolution
		{75667150-86A0-471B-93FA-41FEAEBB94B0}.Debug|Any CPU.ActiveCfg = Debug|Any CPU
		{75667150-86A0-471B-93FA-41FEAEBB94B0}.Debug|Any CPU.Build.0 = Debug|Any CPU
		{75667150-86A0-471B-93FA-41FEAEBB94B0}.Release|Any CPU.ActiveCfg = Release|Any CPU
		{75667150-86A0-471B-93FA-41FEAEBB94B0}.Release|Any CPU.Build.0 = Release|Any CPU
		{C87C3DA3-0D83-4F1C-8EA7-FC8C9C6591D4}.Debug|Any CPU.ActiveCfg = Debug|Any CPU
		{C87C3DA3-0D83-4F1C-8EA7-FC8C9C6591D4}.Debug|Any CPU.Build.0 = Debug|Any CPU
		{C87C3DA3-0D83-4F1C-8EA7-FC8C9C6591D4}.Release|Any CPU.ActiveCfg = Release|Any CPU
		{C87C3DA3-0D83-4F1C-8EA7-FC8C9C6591D4}.Release|Any CPU.Build.0 = Release|Any CPU
		{7DBD16FD-5110-466D-8147-7EFA92AA18F7}.Debug|Any CPU.ActiveCfg = Debug|Any CPU
		{7DBD16FD-5110-466D-8147-7EFA92AA18F7}.Debug|Any CPU.Build.0 = Debug|Any CPU
		{7DBD16FD-5110-466D-8147-7EFA92AA18F7}.Release|Any CPU.ActiveCfg = Release|Any CPU
		{7DBD16FD-5110-466D-8147-7EFA92AA18F7}.Release|Any CPU.Build.0 = Release|Any CPU
	EndGlobalSection
	GlobalSection(SolutionProperties) = preSolution
		HideSolutionNode = FALSE
	EndGlobalSection
EndGlobal
